{
  "nodes": {
    "android-nixpkgs": {
      "inputs": {
        "devshell": "devshell",
        "flake-utils": [
          "flake-utils"
        ],
        "nixpkgs": [
          "nixpkgs"
        ]
      },
      "locked": {
        "lastModified": 1678738970,
        "narHash": "sha256-RTFYUYAV+mmBxFt7aGWVKI5unwqpH6XlIGOefdUn5yo=",
        "owner": "tadfisher",
        "repo": "android-nixpkgs",
        "rev": "4d2b57c384f08d19ffc4390ba880ff06305cd87e",
        "type": "github"
      },
      "original": {
        "owner": "tadfisher",
        "ref": "beta",
        "repo": "android-nixpkgs",
        "type": "github"
      }
    },
    "devshell": {
      "inputs": {
        "flake-utils": [
          "android-nixpkgs",
          "nixpkgs"
        ],
        "nixpkgs": [
          "android-nixpkgs",
          "nixpkgs"
        ]
      },
      "locked": {
        "lastModified": 1677856503,
        "narHash": "sha256-TW8my47VpavO/PXA5hIumUcX80cj0AufojjUTdUonLw=",
        "owner": "numtide",
        "repo": "devshell",
        "rev": "643d1857fea4e71e7f251cb574f59b1d63778085",
        "type": "github"
      },
      "original": {
        "owner": "numtide",
        "repo": "devshell",
        "type": "github"
      }
    },
    "devshell_2": {
      "inputs": {
        "flake-utils": [
          "flake-utils"
        ],
        "nixpkgs": [
          "nixpkgs"
        ]
      },
      "locked": {
        "lastModified": 1678798348,
        "narHash": "sha256-KuxtLYvu3J3n+mjaJrPukMuvalu3IuqTHQrn5/8YZc8=",
        "owner": "numtide",
        "repo": "devshell",
        "rev": "7d2b7bc76f2dde9b7e71284972522057c7741ae2",
        "type": "github"
      },
      "original": {
        "owner": "numtide",
        "repo": "devshell",
        "type": "github"
      }
    },
    "flake-utils": {
      "locked": {
        "lastModified": 1676283394,
        "narHash": "sha256-XX2f9c3iySLCw54rJ/CZs+ZK6IQy7GXNY4nSOyu2QG4=",
        "owner": "numtide",
        "repo": "flake-utils",
        "rev": "3db36a8b464d0c4532ba1c7dda728f4576d6d073",
        "type": "github"
      },
      "original": {
        "owner": "numtide",
        "repo": "flake-utils",
        "type": "github"
      }
    },
    "nixpkgs": {
      "locked": {
        "lastModified": 1678654296,
        "narHash": "sha256-aVfw3ThpY7vkUeF1rFy10NAkpKDS2imj3IakrzT0Occ=",
        "owner": "nixos",
        "repo": "nixpkgs",
        "rev": "5a1dc8acd977ff3dccd1328b7c4a6995429a656b",
        "type": "github"
      },
      "original": {
        "owner": "nixos",
        "ref": "nixos-unstable",
        "repo": "nixpkgs",
        "type": "github"
      }
    },
    "root": {
      "inputs": {
        "android-nixpkgs": "android-nixpkgs",
        "devshell": "devshell_2",
        "flake-utils": "flake-utils",
        "nixpkgs": "nixpkgs"
      }
    }
  },
  "root": "root",
  "version": 7
}
